
Microsoft Visual Studio Solution File, Format Version 12.00
# Visual Studio Version 16
VisualStudioVersion = 16.0.31729.503
MinimumVisualStudioVersion = 10.0.40219.1
Project("{FAE04EC0-301F-11D3-BF4B-00C04F79EFBC}") = "Site_ASP.NET", "ProjetoPIM\Site_ASP.NET.csproj", "{D641FEFD-44C7-4647-B89D-6C4AB6D1F073}"
EndProject
Project("{FAE04EC0-301F-11D3-BF4B-00C04F79EFBC}") = "DAO", "MVCLinq\DAO.csproj", "{D43E3F6C-39EF-4AF2-8170-CEC4E1BBBED4}"
EndProject
Global
	GlobalSection(SolutionConfigurationPlatforms) = preSolution
		Debug|Any CPU = Debug|Any CPU
		Release|Any CPU = Release|Any CPU
	EndGlobalSection
	GlobalSection(ProjectConfigurationPlatforms) = postSolution
		{D641FEFD-44C7-4647-B89D-6C4AB6D1F073}.Debug|Any CPU.ActiveCfg = Debug|Any CPU
		{D641FEFD-44C7-4647-B89D-6C4AB6D1F073}.Debug|Any CPU.Build.0 = Debug|Any CPU
		{D641FEFD-44C7-4647-B89D-6C4AB6D1F073}.Release|Any CPU.ActiveCfg = Release|Any CPU
		{D641FEFD-44C7-4647-B89D-6C4AB6D1F073}.Release|Any CPU.Build.0 = Release|Any CPU
		{D43E3F6C-39EF-4AF2-8170-CEC4E1BBBED4}.Debug|Any CPU.ActiveCfg = Debug|Any CPU
		{D43E3F6C-39EF-4AF2-8170-CEC4E1BBBED4}.Debug|Any CPU.Build.0 = Debug|Any CPU
		{D43E3F6C-39EF-4AF2-8170-CEC4E1BBBED4}.Release|Any CPU.ActiveCfg = Release|Any CPU
		{D43E3F6C-39EF-4AF2-8170-CEC4E1BBBED4}.Release|Any CPU.Build.0 = Release|Any CPU
	EndGlobalSection
	GlobalSection(SolutionProperties) = preSolution
		HideSolutionNode = FALSE
	EndGlobalSection
	GlobalSection(ExtensibilityGlobals) = postSolution
		SolutionGuid = {5D5F7930-5719-4400-BD1D-73E39721329E}
	EndGlobalSection
EndGlobal
